
Microsoft Visual Studio Solution File, Format Version 12.00
# Visual Studio 15
VisualStudioVersion = 15.0.28307.438
MinimumVisualStudioVersion = 10.0.40219.1
Project("{FAE04EC0-301F-11D3-BF4B-00C04F79EFBC}") = "MovieNight", "MovieNight\MovieNight.csproj", "{0CDB5C25-2C3E-497C-B67D-9200DFB42973}"
EndProject
Project("{9A19103F-16F7-4668-BE54-9A1E7A4F7556}") = "MovieNight.Core", "MovieNight.Core\MovieNight.Core.csproj", "{0E2910DD-7C0C-4238-884A-E7C525C6A90D}"
EndProject
Global
	GlobalSection(SolutionConfigurationPlatforms) = preSolution
		Debug|Any CPU = Debug|Any CPU
		Debug|ARM = Debug|ARM
		Debug|x64 = Debug|x64
		Debug|x86 = Debug|x86
		Release|Any CPU = Release|Any CPU
		Release|ARM = Release|ARM
		Release|x64 = Release|x64
		Release|x86 = Release|x86
	EndGlobalSection
	GlobalSection(ProjectConfigurationPlatforms) = postSolution
		{0CDB5C25-2C3E-497C-B67D-9200DFB42973}.Debug|Any CPU.ActiveCfg = Debug|x86
		{0CDB5C25-2C3E-497C-B67D-9200DFB42973}.Debug|ARM.ActiveCfg = Debug|ARM
		{0CDB5C25-2C3E-497C-B67D-9200DFB42973}.Debug|ARM.Build.0 = Debug|ARM
		{0CDB5C25-2C3E-497C-B67D-9200DFB42973}.Debug|ARM.Deploy.0 = Debug|ARM
		{0CDB5C25-2C3E-497C-B67D-9200DFB42973}.Debug|x64.ActiveCfg = Debug|x64
		{0CDB5C25-2C3E-497C-B67D-9200DFB42973}.Debug|x64.Build.0 = Debug|x64
		{0CDB5C25-2C3E-497C-B67D-9200DFB42973}.Debug|x64.Deploy.0 = Debug|x64
		{0CDB5C25-2C3E-497C-B67D-9200DFB42973}.Debug|x86.ActiveCfg = Debug|x86
		{0CDB5C25-2C3E-497C-B67D-9200DFB42973}.Debug|x86.Build.0 = Debug|x86
		{0CDB5C25-2C3E-497C-B67D-9200DFB42973}.Debug|x86.Deploy.0 = Debug|x86
		{0CDB5C25-2C3E-497C-B67D-9200DFB42973}.Release|Any CPU.ActiveCfg = Release|x86
		{0CDB5C25-2C3E-497C-B67D-9200DFB42973}.Release|ARM.ActiveCfg = Release|ARM
		{0CDB5C25-2C3E-497C-B67D-9200DFB42973}.Release|ARM.Build.0 = Release|ARM
		{0CDB5C25-2C3E-497C-B67D-9200DFB42973}.Release|ARM.Deploy.0 = Release|ARM
		{0CDB5C25-2C3E-497C-B67D-9200DFB42973}.Release|x64.ActiveCfg = Release|x64
		{0CDB5C25-2C3E-497C-B67D-9200DFB42973}.Release|x64.Build.0 = Release|x64
		{0CDB5C25-2C3E-497C-B67D-9200DFB42973}.Release|x64.Deploy.0 = Release|x64
		{0CDB5C25-2C3E-497C-B67D-9200DFB42973}.Release|x86.ActiveCfg = Release|x86
		{0CDB5C25-2C3E-497C-B67D-9200DFB42973}.Release|x86.Build.0 = Release|x86
		{0CDB5C25-2C3E-497C-B67D-9200DFB42973}.Release|x86.Deploy.0 = Release|x86
		{0E2910DD-7C0C-4238-884A-E7C525C6A90D}.Debug|Any CPU.ActiveCfg = Debug|Any CPU
		{0E2910DD-7C0C-4238-884A-E7C525C6A90D}.Debug|Any CPU.Build.0 = Debug|Any CPU
		{0E2910DD-7C0C-4238-884A-E7C525C6A90D}.Debug|ARM.ActiveCfg = Debug|Any CPU
		{0E2910DD-7C0C-4238-884A-E7C525C6A90D}.Debug|ARM.Build.0 = Debug|Any CPU
		{0E2910DD-7C0C-4238-884A-E7C525C6A90D}.Debug|x64.ActiveCfg = Debug|Any CPU
		{0E2910DD-7C0C-4238-884A-E7C525C6A90D}.Debug|x64.Build.0 = Debug|Any CPU
		{0E2910DD-7C0C-4238-884A-E7C525C6A90D}.Debug|x86.ActiveCfg = Debug|Any CPU
		{0E2910DD-7C0C-4238-884A-E7C525C6A90D}.Debug|x86.Build.0 = Debug|Any CPU
		{0E2910DD-7C0C-4238-884A-E7C525C6A90D}.Release|Any CPU.ActiveCfg = Release|Any CPU
		{0E2910DD-7C0C-4238-884A-E7C525C6A90D}.Release|Any CPU.Build.0 = Release|Any CPU
		{0E2910DD-7C0C-4238-884A-E7C525C6A90D}.Release|ARM.ActiveCfg = Release|Any CPU
		{0E2910DD-7C0C-4238-884A-E7C525C6A90D}.Release|ARM.Build.0 = Release|Any CPU
		{0E2910DD-7C0C-4238-884A-E7C525C6A90D}.Release|x64.ActiveCfg = Release|Any CPU
		{0E2910DD-7C0C-4238-884A-E7C525C6A90D}.Release|x64.Build.0 = Release|Any CPU
		{0E2910DD-7C0C-4238-884A-E7C525C6A90D}.Release|x86.ActiveCfg = Release|Any CPU
		{0E2910DD-7C0C-4238-884A-E7C525C6A90D}.Release|x86.Build.0 = Release|Any CPU
	EndGlobalSection
	GlobalSection(SolutionProperties) = preSolution
		HideSolutionNode = FALSE
	EndGlobalSection
	GlobalSection(ExtensibilityGlobals) = postSolution
		SolutionGuid = {A1929BCB-F7ED-480F-A370-1D40A7400468}
	EndGlobalSection
EndGlobal
